
Microsoft Visual Studio Solution File, Format Version 12.00
Project("{FAE04EC0-301F-11D3-BF4B-00C04F79EFBC}") = "BattleShipCoreServer", "BattleShipCoreServer\BattleShipCoreServer.csproj", "{B55BB6E3-9A7F-44BA-BB89-33CF9260E4AA}"
EndProject
Global
	GlobalSection(SolutionConfigurationPlatforms) = preSolution
		Debug|Any CPU = Debug|Any CPU
		Release|Any CPU = Release|Any CPU
	EndGlobalSection
	GlobalSection(ProjectConfigurationPlatforms) = postSolution
		{B55BB6E3-9A7F-44BA-BB89-33CF9260E4AA}.Debug|Any CPU.ActiveCfg = Debug|Any CPU
		{B55BB6E3-9A7F-44BA-BB89-33CF9260E4AA}.Debug|Any CPU.Build.0 = Debug|Any CPU
		{B55BB6E3-9A7F-44BA-BB89-33CF9260E4AA}.Release|Any CPU.ActiveCfg = Release|Any CPU
		{B55BB6E3-9A7F-44BA-BB89-33CF9260E4AA}.Release|Any CPU.Build.0 = Release|Any CPU
	EndGlobalSection
EndGlobal
